
Microsoft Visual Studio Solution File, Format Version 12.00
# Visual Studio Version 16
VisualStudioVersion = 16.0.30128.74
MinimumVisualStudioVersion = 10.0.40219.1
Project("{FAE04EC0-301F-11D3-BF4B-00C04F79EFBC}") = "BlackDragonAIAPI", "BlackDragonAIAPI\BlackDragonAIAPI.csproj", "{A788A0C8-CA86-4DE6-9D77-6E68F077C2C9}"
EndProject
Project("{FAE04EC0-301F-11D3-BF4B-00C04F79EFBC}") = "Tests", "Tests\Tests.csproj", "{C3A65420-4BAB-4EC5-B056-7E40C8E0B490}"
EndProject
Global
	GlobalSection(SolutionConfigurationPlatforms) = preSolution
		Debug|Any CPU = Debug|Any CPU
		Release|Any CPU = Release|Any CPU
	EndGlobalSection
	GlobalSection(ProjectConfigurationPlatforms) = postSolution
		{A788A0C8-CA86-4DE6-9D77-6E68F077C2C9}.Debug|Any CPU.ActiveCfg = Debug|Any CPU
		{A788A0C8-CA86-4DE6-9D77-6E68F077C2C9}.Debug|Any CPU.Build.0 = Debug|Any CPU
		{A788A0C8-CA86-4DE6-9D77-6E68F077C2C9}.Release|Any CPU.ActiveCfg = Release|Any CPU
		{A788A0C8-CA86-4DE6-9D77-6E68F077C2C9}.Release|Any CPU.Build.0 = Release|Any CPU
		{C3A65420-4BAB-4EC5-B056-7E40C8E0B490}.Debug|Any CPU.ActiveCfg = Debug|Any CPU
		{C3A65420-4BAB-4EC5-B056-7E40C8E0B490}.Debug|Any CPU.Build.0 = Debug|Any CPU
		{C3A65420-4BAB-4EC5-B056-7E40C8E0B490}.Release|Any CPU.ActiveCfg = Release|Any CPU
		{C3A65420-4BAB-4EC5-B056-7E40C8E0B490}.Release|Any CPU.Build.0 = Release|Any CPU
	EndGlobalSection
	GlobalSection(SolutionProperties) = preSolution
		HideSolutionNode = FALSE
	EndGlobalSection
	GlobalSection(ExtensibilityGlobals) = postSolution
		SolutionGuid = {68963D72-AB66-442C-B62D-C90FBF053CE3}
	EndGlobalSection
EndGlobal
